
Microsoft Visual Studio Solution File, Format Version 12.00
# Visual Studio Version 17
VisualStudioVersion = 17.10.35013.160
MinimumVisualStudioVersion = 10.0.40219.1
Project("{FAE04EC0-301F-11D3-BF4B-00C04F79EFBC}") = "WindowsFormsApp4", "WindowsFormsApp4\WindowsFormsApp4.csproj", "{F5EB2879-C7FB-4421-854C-623F627A24C1}"
EndProject
Project("{FAE04EC0-301F-11D3-BF4B-00C04F79EFBC}") = "SortingLib", "SortingLib\SortingLib.csproj", "{C5613FCF-247E-436C-AFEA-A84D35C62EE3}"
EndProject
Global
	GlobalSection(SolutionConfigurationPlatforms) = preSolution
		Debug|Any CPU = Debug|Any CPU
		Release|Any CPU = Release|Any CPU
	EndGlobalSection
	GlobalSection(ProjectConfigurationPlatforms) = postSolution
		{F5EB2879-C7FB-4421-854C-623F627A24C1}.Debug|Any CPU.ActiveCfg = Debug|Any CPU
		{F5EB2879-C7FB-4421-854C-623F627A24C1}.Debug|Any CPU.Build.0 = Debug|Any CPU
		{F5EB2879-C7FB-4421-854C-623F627A24C1}.Release|Any CPU.ActiveCfg = Release|Any CPU
		{F5EB2879-C7FB-4421-854C-623F627A24C1}.Release|Any CPU.Build.0 = Release|Any CPU
		{C5613FCF-247E-436C-AFEA-A84D35C62EE3}.Debug|Any CPU.ActiveCfg = Debug|Any CPU
		{C5613FCF-247E-436C-AFEA-A84D35C62EE3}.Debug|Any CPU.Build.0 = Debug|Any CPU
		{C5613FCF-247E-436C-AFEA-A84D35C62EE3}.Release|Any CPU.ActiveCfg = Release|Any CPU
		{C5613FCF-247E-436C-AFEA-A84D35C62EE3}.Release|Any CPU.Build.0 = Release|Any CPU
	EndGlobalSection
	GlobalSection(SolutionProperties) = preSolution
		HideSolutionNode = FALSE
	EndGlobalSection
	GlobalSection(ExtensibilityGlobals) = postSolution
		SolutionGuid = {337870C3-3D4D-4C0A-8B0A-069646FAF673}
	EndGlobalSection
EndGlobal
