
Microsoft Visual Studio Solution File, Format Version 12.00
# Visual Studio Version 17
VisualStudioVersion = 17.12.35506.116 d17.12
MinimumVisualStudioVersion = 10.0.40219.1
Project("{FAE04EC0-301F-11D3-BF4B-00C04F79EFBC}") = "laba23", "laba23\laba23.csproj", "{7C90A7A8-FF1A-4321-8995-027C08FCDADD}"
EndProject
Global
	GlobalSection(SolutionConfigurationPlatforms) = preSolution
		Debug|Any CPU = Debug|Any CPU
		Release|Any CPU = Release|Any CPU
	EndGlobalSection
	GlobalSection(ProjectConfigurationPlatforms) = postSolution
		{7C90A7A8-FF1A-4321-8995-027C08FCDADD}.Debug|Any CPU.ActiveCfg = Debug|Any CPU
		{7C90A7A8-FF1A-4321-8995-027C08FCDADD}.Debug|Any CPU.Build.0 = Debug|Any CPU
		{7C90A7A8-FF1A-4321-8995-027C08FCDADD}.Release|Any CPU.ActiveCfg = Release|Any CPU
		{7C90A7A8-FF1A-4321-8995-027C08FCDADD}.Release|Any CPU.Build.0 = Release|Any CPU
	EndGlobalSection
	GlobalSection(SolutionProperties) = preSolution
		HideSolutionNode = FALSE
	EndGlobalSection
EndGlobal
