
Microsoft Visual Studio Solution File, Format Version 12.00
# Visual Studio Version 17
VisualStudioVersion = 17.7.34024.191
MinimumVisualStudioVersion = 10.0.40219.1
Project("{FAE04EC0-301F-11D3-BF4B-00C04F79EFBC}") = "laba15", "laba15\laba15.csproj", "{3811420E-69BB-45C5-A2E1-6BFFE04EE239}"
EndProject
Global
	GlobalSection(SolutionConfigurationPlatforms) = preSolution
		Debug|Any CPU = Debug|Any CPU
		Release|Any CPU = Release|Any CPU
	EndGlobalSection
	GlobalSection(ProjectConfigurationPlatforms) = postSolution
		{3811420E-69BB-45C5-A2E1-6BFFE04EE239}.Debug|Any CPU.ActiveCfg = Debug|Any CPU
		{3811420E-69BB-45C5-A2E1-6BFFE04EE239}.Debug|Any CPU.Build.0 = Debug|Any CPU
		{3811420E-69BB-45C5-A2E1-6BFFE04EE239}.Release|Any CPU.ActiveCfg = Release|Any CPU
		{3811420E-69BB-45C5-A2E1-6BFFE04EE239}.Release|Any CPU.Build.0 = Release|Any CPU
	EndGlobalSection
	GlobalSection(SolutionProperties) = preSolution
		HideSolutionNode = FALSE
	EndGlobalSection
	GlobalSection(ExtensibilityGlobals) = postSolution
		SolutionGuid = {3A169017-7FD6-47E8-914D-70910DD28631}
	EndGlobalSection
EndGlobal
